
Microsoft Visual Studio Solution File, Format Version 12.00
# Visual Studio Version 17
VisualStudioVersion = 17.0.31903.59
MinimumVisualStudioVersion = 10.0.40219.1
Project("{2150E333-8FDC-42A3-9474-1A3956D46DE8}") = "src", "src", "{2A60738A-EC04-475D-AD8C-F376148E1E87}"
EndProject
Project("{2150E333-8FDC-42A3-9474-1A3956D46DE8}") = "test", "test", "{9EDE4431-69CE-4989-AC59-937D12E6B9BC}"
EndProject
Project("{9A19103F-16F7-4668-BE54-9A1E7A4F7556}") = "ItemsWebApi.Tests", "test\ItemsWebApi.Tests\ItemsWebApi.Tests.csproj", "{ECFC27F3-01A9-437E-999B-5633B4689C41}"
EndProject
Project("{9A19103F-16F7-4668-BE54-9A1E7A4F7556}") = "SharedDatabaseTests", "test\SharedDatabaseTests\SharedDatabaseTests.csproj", "{5723C96D-8301-4C61-929C-BB16F45ED136}"
EndProject
Project("{9A19103F-16F7-4668-BE54-9A1E7A4F7556}") = "ItemsWebApi", "src\ItemsWebApi\ItemsWebApi.csproj", "{E00368CE-8819-47ED-A4F5-E723F9FEC175}"
EndProject
Project("{9A19103F-16F7-4668-BE54-9A1E7A4F7556}") = "ItemsTagConsole", "src\ItemsTagConsole\ItemsTagConsole.csproj", "{EF9FEEE6-6AC0-4853-BC43-D8ADCCFA70B4}"
EndProject
Project("{9A19103F-16F7-4668-BE54-9A1E7A4F7556}") = "Ef000201_GetStartedConsole", "src\Ef000201_GetStartedConsole\Ef000201_GetStartedConsole.csproj", "{577B02D6-D9BF-4C0F-9C62-579F32D5FB5A}"
EndProject
Project("{9A19103F-16F7-4668-BE54-9A1E7A4F7556}") = "Ef000101_BlogPostConsole", "src\Ef000101_BlogPostConsole\Ef000101_BlogPostConsole.csproj", "{BEE9BC8D-B6D1-4FF0-83CB-2CC557338E9B}"
EndProject
Project("{9A19103F-16F7-4668-BE54-9A1E7A4F7556}") = "Ef000101_BlogPostConsole.Test", "test\Ef000101_BlogPostConsole.Test\Ef000101_BlogPostConsole.Test.csproj", "{F5E05A72-F079-4433-80C1-832FB345107D}"
EndProject
Project("{9A19103F-16F7-4668-BE54-9A1E7A4F7556}") = "Ef000301_RecordsConsole", "src\Ef000301_RecordsConsole\Ef000301_RecordsConsole.csproj", "{E66204FB-A8A9-4915-AF4F-84C5B60ADB88}"
EndProject
Project("{9A19103F-16F7-4668-BE54-9A1E7A4F7556}") = "Ef000302_PieBakeryConsole", "src\Ef000302_PieBakeryConsole\Ef000302_PieBakeryConsole.csproj", "{DFE20AB2-F05A-4761-906F-536E087B90A0}"
EndProject
Project("{9A19103F-16F7-4668-BE54-9A1E7A4F7556}") = "Ef000303_PieBakeryConsole", "src\Ef000303_PieBakeryConsole\Ef000303_PieBakeryConsole.csproj", "{A7C183C2-038B-47E1-A6BC-0C2CEDB0FCFA}"
EndProject
Project("{9A19103F-16F7-4668-BE54-9A1E7A4F7556}") = "Ef000304_PieBakeryConsole", "src\Ef000304_PieBakeryConsole\Ef000304_PieBakeryConsole.csproj", "{EA13C442-298D-4F5E-8B29-FFB7C335BE5C}"
EndProject
Project("{9A19103F-16F7-4668-BE54-9A1E7A4F7556}") = "Ef000210_SimpleHiLo", "src\Ef000210_SimpleHiLo\Ef000210_SimpleHiLo.csproj", "{71DE88CE-1807-49B8-84CC-747B9BE321F8}"
EndProject
Project("{9A19103F-16F7-4668-BE54-9A1E7A4F7556}") = "Ef000210_SimpleHiLo.Tests", "test\Ef000210_SimpleHiLo.Tests\Ef000210_SimpleHiLo.Tests.csproj", "{6E386BB7-876A-4F86-9D8C-0444A64F23F0}"
EndProject
Project("{9A19103F-16F7-4668-BE54-9A1E7A4F7556}") = "Ef000211_CategoryProductsHiLo", "src\Ef000211_CategoryProductsHiLo\Ef000211_CategoryProductsHiLo.csproj", "{2676D996-C275-4DD1-9D21-08FBDC0539D4}"
EndProject
Project("{9A19103F-16F7-4668-BE54-9A1E7A4F7556}") = "Ef000211_CategoryProductsHiLo.Tests", "test\Ef000211_CategoryProductsHiLo.Tests\Ef000211_CategoryProductsHiLo.Tests.csproj", "{64284D60-0D8B-4E81-8467-BE7BC186E116}"
EndProject
Project("{9A19103F-16F7-4668-BE54-9A1E7A4F7556}") = "Ef000501_SubscriptionConsole", "src\Ef000501_SubscriptionConsole\Ef000501_SubscriptionConsole.csproj", "{F8FF0514-F017-4EAC-9BF7-49AD40C9BC5B}"
EndProject
Project("{9A19103F-16F7-4668-BE54-9A1E7A4F7556}") = "Ef000501_SubscriptionConsole.Tests", "test\Ef000501_SubscriptionConsole.Tests\Ef000501_SubscriptionConsole.Tests.csproj", "{01B48253-0732-42AE-9C7A-24A665DC5813}"
EndProject
Project("{9A19103F-16F7-4668-BE54-9A1E7A4F7556}") = "Ef000150_BlogPostConsoleDebugView", "src\Ef000150_BlogPostConsoleDebugView\Ef000150_BlogPostConsoleDebugView.csproj", "{14252B44-B729-485C-97AA-900F0247E20B}"
EndProject
Project("{9A19103F-16F7-4668-BE54-9A1E7A4F7556}") = "Ef000151_BlogPostConsolePvtCtorReadOnlyProps", "src\Ef000151_BlogPostConsolePvtCtorReadOnlyProps\Ef000151_BlogPostConsolePvtCtorReadOnlyProps.csproj", "{A455C8A9-7493-413D-B34F-306AC49704FF}"
EndProject
Project("{9A19103F-16F7-4668-BE54-9A1E7A4F7556}") = "Ef000152_BlogPostConsolePvtFields", "src\Ef000152_BlogPostConsolePvtFields\Ef000152_BlogPostConsolePvtFields.csproj", "{8F62CFFB-4F9A-4CC2-A073-47CBDC2F7133}"
EndProject
Project("{9A19103F-16F7-4668-BE54-9A1E7A4F7556}") = "Ef000153_BlogPostConsoleReadonlyLists", "src\Ef000153_BlogPostConsoleReadonlyLists\Ef000153_BlogPostConsoleReadonlyLists.csproj", "{0CECBA4B-BF71-45E7-8B85-908AF1C20704}"
EndProject
Project("{9A19103F-16F7-4668-BE54-9A1E7A4F7556}") = "Ef000154_BlogPostConsoleManyToMany", "src\Ef000154_BlogPostConsoleManyToMany\Ef000154_BlogPostConsoleManyToMany.csproj", "{791C5222-650A-4439-A54D-51175D132BF4}"
EndProject
Project("{9A19103F-16F7-4668-BE54-9A1E7A4F7556}") = "Ef000155_BlogPostConsoleManyToManyIQueyableFiltering", "src\Ef000155_BlogPostConsoleManyToManyIQueyableFiltering\Ef000155_BlogPostConsoleManyToManyIQueyableFiltering.csproj", "{74316718-75E2-406F-92CB-16ACF3D22E5C}"
EndProject
Project("{9A19103F-16F7-4668-BE54-9A1E7A4F7556}") = "Ef000675_CompanyDeptSubDept", "src\Ef000675_CompanyDeptSubDept\Ef000675_CompanyDeptSubDept.csproj", "{DDB27466-A3E2-4303-974B-B2FACA548908}"
EndProject
Project("{9A19103F-16F7-4668-BE54-9A1E7A4F7556}") = "Ef000675_CompanyDeptSubDept.Tests", "test\Ef000675_CompanyDeptSubDept.Tests\Ef000675_CompanyDeptSubDept.Tests.csproj", "{AC0083E5-EF25-4460-949F-3DA62E35B727}"
EndProject
Project("{2150E333-8FDC-42A3-9474-1A3956D46DE8}") = "Solution Items", "Solution Items", "{C56B2193-CF2B-4155-BC31-E10F43EAEF0C}"
	ProjectSection(SolutionItems) = preProject
		.editorconfig = .editorconfig
		.gitignore = .gitignore
		README.md = README.md
	EndProjectSection
EndProject
Project("{9A19103F-16F7-4668-BE54-9A1E7A4F7556}") = "Ef000321_CustomerNestedOwnsOne", "src\Ef000321_CustomerNestedOwnsOne\Ef000321_CustomerNestedOwnsOne.csproj", "{E992C4B4-DAC0-491F-9291-4A241B7B9EF6}"
EndProject
Project("{9A19103F-16F7-4668-BE54-9A1E7A4F7556}") = "Ef000331_CustomerNestedOwnsMany", "src\Ef000331_CustomerNestedOwnsMany\Ef000331_CustomerNestedOwnsMany.csproj", "{2A2A87D8-7A8F-4936-B94D-7A0C0D9A52DD}"
EndProject
Project("{9A19103F-16F7-4668-BE54-9A1E7A4F7556}") = "Ef000321_CustomerNestedOwnsOne.Tests", "test\Ef000321_CustomerNestedOwnsOne.Tests\Ef000321_CustomerNestedOwnsOne.Tests.csproj", "{87C6EFC9-5B98-462A-9938-B27A62F40759}"
EndProject
Project("{9A19103F-16F7-4668-BE54-9A1E7A4F7556}") = "Ef000331_CustomerNestedOwnsMany.Tests", "test\Ef000331_CustomerNestedOwnsMany.Tests\Ef000331_CustomerNestedOwnsMany.Tests.csproj", "{FA522B80-DDBF-4E1D-ADB0-5565EB9108F4}"
EndProject
Project("{9A19103F-16F7-4668-BE54-9A1E7A4F7556}") = "Ef000156_UserGroupManyToMany", "src\Ef000156_UserGroupManyToMany\Ef000156_UserGroupManyToMany.csproj", "{6535DEC5-CB4E-4BE5-88A5-708D4F227E61}"
EndProject
Project("{9A19103F-16F7-4668-BE54-9A1E7A4F7556}") = "Ef010701_CompanyOnboarding.Core", "src\Ef010701_CompanyOnboarding.Core\Ef010701_CompanyOnboarding.Core.csproj", "{75ACA7E9-B4A1-4630-BDB4-3374EDE9E75A}"
EndProject
Project("{9A19103F-16F7-4668-BE54-9A1E7A4F7556}") = "Ef010702_CompanyOnboarding.Core", "src\Ef010702_CompanyOnboarding.Core\Ef010702_CompanyOnboarding.Core.csproj", "{C98B61BF-714E-40FC-BB36-D8D77A08AF48}"
EndProject
Project("{9A19103F-16F7-4668-BE54-9A1E7A4F7556}") = "Ef010701_CompanyOnboarding.Core.Tests", "test\Ef010701_CompanyOnboarding.Core.Tests\Ef010701_CompanyOnboarding.Core.Tests.csproj", "{9663BA60-AB2E-44B0-9D70-4458B35AF86B}"
EndProject
Project("{9A19103F-16F7-4668-BE54-9A1E7A4F7556}") = "Ef010702_CompanyOnboarding.Core.Tests", "test\Ef010702_CompanyOnboarding.Core.Tests\Ef010702_CompanyOnboarding.Core.Tests.csproj", "{756DBA10-9540-454D-8D84-B7C4E006276C}"
EndProject
Project("{9A19103F-16F7-4668-BE54-9A1E7A4F7556}") = "Ef000111_BlogPostConsole", "src\Ef000111_BlogPostConsole\Ef000111_BlogPostConsole.csproj", "{77B3D115-8C36-46D8-B042-4E62F5075137}"
EndProject
Project("{9A19103F-16F7-4668-BE54-9A1E7A4F7556}") = "Ef000230_ProductRepo", "src\Ef000230_ProductRepo\Ef000230_ProductRepo.csproj", "{13B92D81-44E8-48D8-B6E4-38A812309C7D}"
EndProject
Project("{9A19103F-16F7-4668-BE54-9A1E7A4F7556}") = "Ef000230_ProductRepo.Tests", "test\Ef000230_ProductRepo.Tests\Ef000230_ProductRepo.Tests.csproj", "{29EB32BD-316D-4F96-B3D0-C39BD0E17CD2}"
EndProject
Project("{9A19103F-16F7-4668-BE54-9A1E7A4F7556}") = "Ef010131_QueryFilters", "src\Ef010131_QueryFilters\Ef010131_QueryFilters.csproj", "{901D9F64-F051-4E93-9E9D-87861D967737}"
EndProject
Project("{9A19103F-16F7-4668-BE54-9A1E7A4F7556}") = "Ef010101_QueryFilters", "src\Ef010101_QueryFilters\Ef010101_QueryFilters.csproj", "{FCA90F11-BFE3-453D-BBE8-96D4CABDF4EA}"
EndProject
Project("{9A19103F-16F7-4668-BE54-9A1E7A4F7556}") = "Ef010101_QueryFilters.Test", "test\Ef010101_QueryFilters.Test\Ef010101_QueryFilters.Test.csproj", "{FE3739CC-3FA1-462E-BD4F-4FCF66B61E32}"
EndProject
Project("{2150E333-8FDC-42A3-9474-1A3956D46DE8}") = "Ef040001_Samurai", "Ef040001_Samurai", "{15ED3CF7-9B5F-434E-B730-11B8504C704D}"
EndProject
Project("{9A19103F-16F7-4668-BE54-9A1E7A4F7556}") = "SamuraiApp.Domain", "src\Ef040001_Samurai\SamuraiApp.Domain\SamuraiApp.Domain.csproj", "{09F1A4B4-E890-4FEC-87B3-6E50C3CC5481}"
EndProject
Project("{9A19103F-16F7-4668-BE54-9A1E7A4F7556}") = "SamuraiApp.Data", "src\Ef040001_Samurai\SamuraiApp.Data\SamuraiApp.Data.csproj", "{850C3301-F96A-42BB-9E8D-0F01FA06A904}"
EndProject
Project("{9A19103F-16F7-4668-BE54-9A1E7A4F7556}") = "SamuraiApp.UI", "src\Ef040001_Samurai\SamuraiApp.UI\SamuraiApp.UI.csproj", "{8C1DC9E6-233E-4237-9C62-7049E170B187}"
EndProject
Global
	GlobalSection(SolutionConfigurationPlatforms) = preSolution
		Debug|Any CPU = Debug|Any CPU
		Release|Any CPU = Release|Any CPU
	EndGlobalSection
	GlobalSection(ProjectConfigurationPlatforms) = postSolution
		{ECFC27F3-01A9-437E-999B-5633B4689C41}.Debug|Any CPU.ActiveCfg = Debug|Any CPU
		{ECFC27F3-01A9-437E-999B-5633B4689C41}.Debug|Any CPU.Build.0 = Debug|Any CPU
		{ECFC27F3-01A9-437E-999B-5633B4689C41}.Release|Any CPU.ActiveCfg = Release|Any CPU
		{ECFC27F3-01A9-437E-999B-5633B4689C41}.Release|Any CPU.Build.0 = Release|Any CPU
		{5723C96D-8301-4C61-929C-BB16F45ED136}.Debug|Any CPU.ActiveCfg = Debug|Any CPU
		{5723C96D-8301-4C61-929C-BB16F45ED136}.Debug|Any CPU.Build.0 = Debug|Any CPU
		{5723C96D-8301-4C61-929C-BB16F45ED136}.Release|Any CPU.ActiveCfg = Release|Any CPU
		{5723C96D-8301-4C61-929C-BB16F45ED136}.Release|Any CPU.Build.0 = Release|Any CPU
		{E00368CE-8819-47ED-A4F5-E723F9FEC175}.Debug|Any CPU.ActiveCfg = Debug|Any CPU
		{E00368CE-8819-47ED-A4F5-E723F9FEC175}.Debug|Any CPU.Build.0 = Debug|Any CPU
		{E00368CE-8819-47ED-A4F5-E723F9FEC175}.Release|Any CPU.ActiveCfg = Release|Any CPU
		{E00368CE-8819-47ED-A4F5-E723F9FEC175}.Release|Any CPU.Build.0 = Release|Any CPU
		{EF9FEEE6-6AC0-4853-BC43-D8ADCCFA70B4}.Debug|Any CPU.ActiveCfg = Debug|Any CPU
		{EF9FEEE6-6AC0-4853-BC43-D8ADCCFA70B4}.Debug|Any CPU.Build.0 = Debug|Any CPU
		{EF9FEEE6-6AC0-4853-BC43-D8ADCCFA70B4}.Release|Any CPU.ActiveCfg = Release|Any CPU
		{EF9FEEE6-6AC0-4853-BC43-D8ADCCFA70B4}.Release|Any CPU.Build.0 = Release|Any CPU
		{577B02D6-D9BF-4C0F-9C62-579F32D5FB5A}.Debug|Any CPU.ActiveCfg = Debug|Any CPU
		{577B02D6-D9BF-4C0F-9C62-579F32D5FB5A}.Debug|Any CPU.Build.0 = Debug|Any CPU
		{577B02D6-D9BF-4C0F-9C62-579F32D5FB5A}.Release|Any CPU.ActiveCfg = Release|Any CPU
		{577B02D6-D9BF-4C0F-9C62-579F32D5FB5A}.Release|Any CPU.Build.0 = Release|Any CPU
		{BEE9BC8D-B6D1-4FF0-83CB-2CC557338E9B}.Debug|Any CPU.ActiveCfg = Debug|Any CPU
		{BEE9BC8D-B6D1-4FF0-83CB-2CC557338E9B}.Debug|Any CPU.Build.0 = Debug|Any CPU
		{BEE9BC8D-B6D1-4FF0-83CB-2CC557338E9B}.Release|Any CPU.ActiveCfg = Release|Any CPU
		{BEE9BC8D-B6D1-4FF0-83CB-2CC557338E9B}.Release|Any CPU.Build.0 = Release|Any CPU
		{F5E05A72-F079-4433-80C1-832FB345107D}.Debug|Any CPU.ActiveCfg = Debug|Any CPU
		{F5E05A72-F079-4433-80C1-832FB345107D}.Debug|Any CPU.Build.0 = Debug|Any CPU
		{F5E05A72-F079-4433-80C1-832FB345107D}.Release|Any CPU.ActiveCfg = Release|Any CPU
		{F5E05A72-F079-4433-80C1-832FB345107D}.Release|Any CPU.Build.0 = Release|Any CPU
		{E66204FB-A8A9-4915-AF4F-84C5B60ADB88}.Debug|Any CPU.ActiveCfg = Debug|Any CPU
		{E66204FB-A8A9-4915-AF4F-84C5B60ADB88}.Debug|Any CPU.Build.0 = Debug|Any CPU
		{E66204FB-A8A9-4915-AF4F-84C5B60ADB88}.Release|Any CPU.ActiveCfg = Release|Any CPU
		{E66204FB-A8A9-4915-AF4F-84C5B60ADB88}.Release|Any CPU.Build.0 = Release|Any CPU
		{DFE20AB2-F05A-4761-906F-536E087B90A0}.Debug|Any CPU.ActiveCfg = Debug|Any CPU
		{DFE20AB2-F05A-4761-906F-536E087B90A0}.Debug|Any CPU.Build.0 = Debug|Any CPU
		{DFE20AB2-F05A-4761-906F-536E087B90A0}.Release|Any CPU.ActiveCfg = Release|Any CPU
		{DFE20AB2-F05A-4761-906F-536E087B90A0}.Release|Any CPU.Build.0 = Release|Any CPU
		{A7C183C2-038B-47E1-A6BC-0C2CEDB0FCFA}.Debug|Any CPU.ActiveCfg = Debug|Any CPU
		{A7C183C2-038B-47E1-A6BC-0C2CEDB0FCFA}.Debug|Any CPU.Build.0 = Debug|Any CPU
		{A7C183C2-038B-47E1-A6BC-0C2CEDB0FCFA}.Release|Any CPU.ActiveCfg = Release|Any CPU
		{A7C183C2-038B-47E1-A6BC-0C2CEDB0FCFA}.Release|Any CPU.Build.0 = Release|Any CPU
		{EA13C442-298D-4F5E-8B29-FFB7C335BE5C}.Debug|Any CPU.ActiveCfg = Debug|Any CPU
		{EA13C442-298D-4F5E-8B29-FFB7C335BE5C}.Debug|Any CPU.Build.0 = Debug|Any CPU
		{EA13C442-298D-4F5E-8B29-FFB7C335BE5C}.Release|Any CPU.ActiveCfg = Release|Any CPU
		{EA13C442-298D-4F5E-8B29-FFB7C335BE5C}.Release|Any CPU.Build.0 = Release|Any CPU
		{71DE88CE-1807-49B8-84CC-747B9BE321F8}.Debug|Any CPU.ActiveCfg = Debug|Any CPU
		{71DE88CE-1807-49B8-84CC-747B9BE321F8}.Debug|Any CPU.Build.0 = Debug|Any CPU
		{71DE88CE-1807-49B8-84CC-747B9BE321F8}.Release|Any CPU.ActiveCfg = Release|Any CPU
		{71DE88CE-1807-49B8-84CC-747B9BE321F8}.Release|Any CPU.Build.0 = Release|Any CPU
		{6E386BB7-876A-4F86-9D8C-0444A64F23F0}.Debug|Any CPU.ActiveCfg = Debug|Any CPU
		{6E386BB7-876A-4F86-9D8C-0444A64F23F0}.Debug|Any CPU.Build.0 = Debug|Any CPU
		{6E386BB7-876A-4F86-9D8C-0444A64F23F0}.Release|Any CPU.ActiveCfg = Release|Any CPU
		{6E386BB7-876A-4F86-9D8C-0444A64F23F0}.Release|Any CPU.Build.0 = Release|Any CPU
		{2676D996-C275-4DD1-9D21-08FBDC0539D4}.Debug|Any CPU.ActiveCfg = Debug|Any CPU
		{2676D996-C275-4DD1-9D21-08FBDC0539D4}.Debug|Any CPU.Build.0 = Debug|Any CPU
		{2676D996-C275-4DD1-9D21-08FBDC0539D4}.Release|Any CPU.ActiveCfg = Release|Any CPU
		{2676D996-C275-4DD1-9D21-08FBDC0539D4}.Release|Any CPU.Build.0 = Release|Any CPU
		{64284D60-0D8B-4E81-8467-BE7BC186E116}.Debug|Any CPU.ActiveCfg = Debug|Any CPU
		{64284D60-0D8B-4E81-8467-BE7BC186E116}.Debug|Any CPU.Build.0 = Debug|Any CPU
		{64284D60-0D8B-4E81-8467-BE7BC186E116}.Release|Any CPU.ActiveCfg = Release|Any CPU
		{64284D60-0D8B-4E81-8467-BE7BC186E116}.Release|Any CPU.Build.0 = Release|Any CPU
		{F8FF0514-F017-4EAC-9BF7-49AD40C9BC5B}.Debug|Any CPU.ActiveCfg = Debug|Any CPU
		{F8FF0514-F017-4EAC-9BF7-49AD40C9BC5B}.Debug|Any CPU.Build.0 = Debug|Any CPU
		{F8FF0514-F017-4EAC-9BF7-49AD40C9BC5B}.Release|Any CPU.ActiveCfg = Release|Any CPU
		{F8FF0514-F017-4EAC-9BF7-49AD40C9BC5B}.Release|Any CPU.Build.0 = Release|Any CPU
		{01B48253-0732-42AE-9C7A-24A665DC5813}.Debug|Any CPU.ActiveCfg = Debug|Any CPU
		{01B48253-0732-42AE-9C7A-24A665DC5813}.Debug|Any CPU.Build.0 = Debug|Any CPU
		{01B48253-0732-42AE-9C7A-24A665DC5813}.Release|Any CPU.ActiveCfg = Release|Any CPU
		{01B48253-0732-42AE-9C7A-24A665DC5813}.Release|Any CPU.Build.0 = Release|Any CPU
		{14252B44-B729-485C-97AA-900F0247E20B}.Debug|Any CPU.ActiveCfg = Debug|Any CPU
		{14252B44-B729-485C-97AA-900F0247E20B}.Debug|Any CPU.Build.0 = Debug|Any CPU
		{14252B44-B729-485C-97AA-900F0247E20B}.Release|Any CPU.ActiveCfg = Release|Any CPU
		{14252B44-B729-485C-97AA-900F0247E20B}.Release|Any CPU.Build.0 = Release|Any CPU
		{A455C8A9-7493-413D-B34F-306AC49704FF}.Debug|Any CPU.ActiveCfg = Debug|Any CPU
		{A455C8A9-7493-413D-B34F-306AC49704FF}.Debug|Any CPU.Build.0 = Debug|Any CPU
		{A455C8A9-7493-413D-B34F-306AC49704FF}.Release|Any CPU.ActiveCfg = Release|Any CPU
		{A455C8A9-7493-413D-B34F-306AC49704FF}.Release|Any CPU.Build.0 = Release|Any CPU
		{8F62CFFB-4F9A-4CC2-A073-47CBDC2F7133}.Debug|Any CPU.ActiveCfg = Debug|Any CPU
		{8F62CFFB-4F9A-4CC2-A073-47CBDC2F7133}.Debug|Any CPU.Build.0 = Debug|Any CPU
		{8F62CFFB-4F9A-4CC2-A073-47CBDC2F7133}.Release|Any CPU.ActiveCfg = Release|Any CPU
		{8F62CFFB-4F9A-4CC2-A073-47CBDC2F7133}.Release|Any CPU.Build.0 = Release|Any CPU
		{0CECBA4B-BF71-45E7-8B85-908AF1C20704}.Debug|Any CPU.ActiveCfg = Debug|Any CPU
		{0CECBA4B-BF71-45E7-8B85-908AF1C20704}.Debug|Any CPU.Build.0 = Debug|Any CPU
		{0CECBA4B-BF71-45E7-8B85-908AF1C20704}.Release|Any CPU.ActiveCfg = Release|Any CPU
		{0CECBA4B-BF71-45E7-8B85-908AF1C20704}.Release|Any CPU.Build.0 = Release|Any CPU
		{791C5222-650A-4439-A54D-51175D132BF4}.Debug|Any CPU.ActiveCfg = Debug|Any CPU
		{791C5222-650A-4439-A54D-51175D132BF4}.Debug|Any CPU.Build.0 = Debug|Any CPU
		{791C5222-650A-4439-A54D-51175D132BF4}.Release|Any CPU.ActiveCfg = Release|Any CPU
		{791C5222-650A-4439-A54D-51175D132BF4}.Release|Any CPU.Build.0 = Release|Any CPU
		{74316718-75E2-406F-92CB-16ACF3D22E5C}.Debug|Any CPU.ActiveCfg = Debug|Any CPU
		{74316718-75E2-406F-92CB-16ACF3D22E5C}.Debug|Any CPU.Build.0 = Debug|Any CPU
		{74316718-75E2-406F-92CB-16ACF3D22E5C}.Release|Any CPU.ActiveCfg = Release|Any CPU
		{74316718-75E2-406F-92CB-16ACF3D22E5C}.Release|Any CPU.Build.0 = Release|Any CPU
		{DDB27466-A3E2-4303-974B-B2FACA548908}.Debug|Any CPU.ActiveCfg = Debug|Any CPU
		{DDB27466-A3E2-4303-974B-B2FACA548908}.Debug|Any CPU.Build.0 = Debug|Any CPU
		{DDB27466-A3E2-4303-974B-B2FACA548908}.Release|Any CPU.ActiveCfg = Release|Any CPU
		{DDB27466-A3E2-4303-974B-B2FACA548908}.Release|Any CPU.Build.0 = Release|Any CPU
		{AC0083E5-EF25-4460-949F-3DA62E35B727}.Debug|Any CPU.ActiveCfg = Debug|Any CPU
		{AC0083E5-EF25-4460-949F-3DA62E35B727}.Debug|Any CPU.Build.0 = Debug|Any CPU
		{AC0083E5-EF25-4460-949F-3DA62E35B727}.Release|Any CPU.ActiveCfg = Release|Any CPU
		{AC0083E5-EF25-4460-949F-3DA62E35B727}.Release|Any CPU.Build.0 = Release|Any CPU
		{E992C4B4-DAC0-491F-9291-4A241B7B9EF6}.Debug|Any CPU.ActiveCfg = Debug|Any CPU
		{E992C4B4-DAC0-491F-9291-4A241B7B9EF6}.Debug|Any CPU.Build.0 = Debug|Any CPU
		{E992C4B4-DAC0-491F-9291-4A241B7B9EF6}.Release|Any CPU.ActiveCfg = Release|Any CPU
		{E992C4B4-DAC0-491F-9291-4A241B7B9EF6}.Release|Any CPU.Build.0 = Release|Any CPU
		{2A2A87D8-7A8F-4936-B94D-7A0C0D9A52DD}.Debug|Any CPU.ActiveCfg = Debug|Any CPU
		{2A2A87D8-7A8F-4936-B94D-7A0C0D9A52DD}.Debug|Any CPU.Build.0 = Debug|Any CPU
		{2A2A87D8-7A8F-4936-B94D-7A0C0D9A52DD}.Release|Any CPU.ActiveCfg = Release|Any CPU
		{2A2A87D8-7A8F-4936-B94D-7A0C0D9A52DD}.Release|Any CPU.Build.0 = Release|Any CPU
		{87C6EFC9-5B98-462A-9938-B27A62F40759}.Debug|Any CPU.ActiveCfg = Debug|Any CPU
		{87C6EFC9-5B98-462A-9938-B27A62F40759}.Debug|Any CPU.Build.0 = Debug|Any CPU
		{87C6EFC9-5B98-462A-9938-B27A62F40759}.Release|Any CPU.ActiveCfg = Release|Any CPU
		{87C6EFC9-5B98-462A-9938-B27A62F40759}.Release|Any CPU.Build.0 = Release|Any CPU
		{FA522B80-DDBF-4E1D-ADB0-5565EB9108F4}.Debug|Any CPU.ActiveCfg = Debug|Any CPU
		{FA522B80-DDBF-4E1D-ADB0-5565EB9108F4}.Debug|Any CPU.Build.0 = Debug|Any CPU
		{FA522B80-DDBF-4E1D-ADB0-5565EB9108F4}.Release|Any CPU.ActiveCfg = Release|Any CPU
		{FA522B80-DDBF-4E1D-ADB0-5565EB9108F4}.Release|Any CPU.Build.0 = Release|Any CPU
		{6535DEC5-CB4E-4BE5-88A5-708D4F227E61}.Debug|Any CPU.ActiveCfg = Debug|Any CPU
		{6535DEC5-CB4E-4BE5-88A5-708D4F227E61}.Debug|Any CPU.Build.0 = Debug|Any CPU
		{6535DEC5-CB4E-4BE5-88A5-708D4F227E61}.Release|Any CPU.ActiveCfg = Release|Any CPU
		{6535DEC5-CB4E-4BE5-88A5-708D4F227E61}.Release|Any CPU.Build.0 = Release|Any CPU
		{75ACA7E9-B4A1-4630-BDB4-3374EDE9E75A}.Debug|Any CPU.ActiveCfg = Debug|Any CPU
		{75ACA7E9-B4A1-4630-BDB4-3374EDE9E75A}.Debug|Any CPU.Build.0 = Debug|Any CPU
		{75ACA7E9-B4A1-4630-BDB4-3374EDE9E75A}.Release|Any CPU.ActiveCfg = Release|Any CPU
		{75ACA7E9-B4A1-4630-BDB4-3374EDE9E75A}.Release|Any CPU.Build.0 = Release|Any CPU
		{C98B61BF-714E-40FC-BB36-D8D77A08AF48}.Debug|Any CPU.ActiveCfg = Debug|Any CPU
		{C98B61BF-714E-40FC-BB36-D8D77A08AF48}.Debug|Any CPU.Build.0 = Debug|Any CPU
		{C98B61BF-714E-40FC-BB36-D8D77A08AF48}.Release|Any CPU.ActiveCfg = Release|Any CPU
		{C98B61BF-714E-40FC-BB36-D8D77A08AF48}.Release|Any CPU.Build.0 = Release|Any CPU
		{9663BA60-AB2E-44B0-9D70-4458B35AF86B}.Debug|Any CPU.ActiveCfg = Debug|Any CPU
		{9663BA60-AB2E-44B0-9D70-4458B35AF86B}.Debug|Any CPU.Build.0 = Debug|Any CPU
		{9663BA60-AB2E-44B0-9D70-4458B35AF86B}.Release|Any CPU.ActiveCfg = Release|Any CPU
		{9663BA60-AB2E-44B0-9D70-4458B35AF86B}.Release|Any CPU.Build.0 = Release|Any CPU
		{756DBA10-9540-454D-8D84-B7C4E006276C}.Debug|Any CPU.ActiveCfg = Debug|Any CPU
		{756DBA10-9540-454D-8D84-B7C4E006276C}.Debug|Any CPU.Build.0 = Debug|Any CPU
		{756DBA10-9540-454D-8D84-B7C4E006276C}.Release|Any CPU.ActiveCfg = Release|Any CPU
		{756DBA10-9540-454D-8D84-B7C4E006276C}.Release|Any CPU.Build.0 = Release|Any CPU
		{77B3D115-8C36-46D8-B042-4E62F5075137}.Debug|Any CPU.ActiveCfg = Debug|Any CPU
		{77B3D115-8C36-46D8-B042-4E62F5075137}.Debug|Any CPU.Build.0 = Debug|Any CPU
		{77B3D115-8C36-46D8-B042-4E62F5075137}.Release|Any CPU.ActiveCfg = Release|Any CPU
		{77B3D115-8C36-46D8-B042-4E62F5075137}.Release|Any CPU.Build.0 = Release|Any CPU
		{13B92D81-44E8-48D8-B6E4-38A812309C7D}.Debug|Any CPU.ActiveCfg = Debug|Any CPU
		{13B92D81-44E8-48D8-B6E4-38A812309C7D}.Debug|Any CPU.Build.0 = Debug|Any CPU
		{13B92D81-44E8-48D8-B6E4-38A812309C7D}.Release|Any CPU.ActiveCfg = Release|Any CPU
		{13B92D81-44E8-48D8-B6E4-38A812309C7D}.Release|Any CPU.Build.0 = Release|Any CPU
		{29EB32BD-316D-4F96-B3D0-C39BD0E17CD2}.Debug|Any CPU.ActiveCfg = Debug|Any CPU
		{29EB32BD-316D-4F96-B3D0-C39BD0E17CD2}.Debug|Any CPU.Build.0 = Debug|Any CPU
		{29EB32BD-316D-4F96-B3D0-C39BD0E17CD2}.Release|Any CPU.ActiveCfg = Release|Any CPU
		{29EB32BD-316D-4F96-B3D0-C39BD0E17CD2}.Release|Any CPU.Build.0 = Release|Any CPU
		{901D9F64-F051-4E93-9E9D-87861D967737}.Debug|Any CPU.ActiveCfg = Debug|Any CPU
		{901D9F64-F051-4E93-9E9D-87861D967737}.Debug|Any CPU.Build.0 = Debug|Any CPU
		{901D9F64-F051-4E93-9E9D-87861D967737}.Release|Any CPU.ActiveCfg = Release|Any CPU
		{901D9F64-F051-4E93-9E9D-87861D967737}.Release|Any CPU.Build.0 = Release|Any CPU
		{FCA90F11-BFE3-453D-BBE8-96D4CABDF4EA}.Debug|Any CPU.ActiveCfg = Debug|Any CPU
		{FCA90F11-BFE3-453D-BBE8-96D4CABDF4EA}.Debug|Any CPU.Build.0 = Debug|Any CPU
		{FCA90F11-BFE3-453D-BBE8-96D4CABDF4EA}.Release|Any CPU.ActiveCfg = Release|Any CPU
		{FCA90F11-BFE3-453D-BBE8-96D4CABDF4EA}.Release|Any CPU.Build.0 = Release|Any CPU
		{FE3739CC-3FA1-462E-BD4F-4FCF66B61E32}.Debug|Any CPU.ActiveCfg = Debug|Any CPU
		{FE3739CC-3FA1-462E-BD4F-4FCF66B61E32}.Debug|Any CPU.Build.0 = Debug|Any CPU
		{FE3739CC-3FA1-462E-BD4F-4FCF66B61E32}.Release|Any CPU.ActiveCfg = Release|Any CPU
		{FE3739CC-3FA1-462E-BD4F-4FCF66B61E32}.Release|Any CPU.Build.0 = Release|Any CPU
		{09F1A4B4-E890-4FEC-87B3-6E50C3CC5481}.Debug|Any CPU.ActiveCfg = Debug|Any CPU
		{09F1A4B4-E890-4FEC-87B3-6E50C3CC5481}.Debug|Any CPU.Build.0 = Debug|Any CPU
		{09F1A4B4-E890-4FEC-87B3-6E50C3CC5481}.Release|Any CPU.ActiveCfg = Release|Any CPU
		{09F1A4B4-E890-4FEC-87B3-6E50C3CC5481}.Release|Any CPU.Build.0 = Release|Any CPU
		{850C3301-F96A-42BB-9E8D-0F01FA06A904}.Debug|Any CPU.ActiveCfg = Debug|Any CPU
		{850C3301-F96A-42BB-9E8D-0F01FA06A904}.Debug|Any CPU.Build.0 = Debug|Any CPU
		{850C3301-F96A-42BB-9E8D-0F01FA06A904}.Release|Any CPU.ActiveCfg = Release|Any CPU
		{850C3301-F96A-42BB-9E8D-0F01FA06A904}.Release|Any CPU.Build.0 = Release|Any CPU
		{8C1DC9E6-233E-4237-9C62-7049E170B187}.Debug|Any CPU.ActiveCfg = Debug|Any CPU
		{8C1DC9E6-233E-4237-9C62-7049E170B187}.Debug|Any CPU.Build.0 = Debug|Any CPU
		{8C1DC9E6-233E-4237-9C62-7049E170B187}.Release|Any CPU.ActiveCfg = Release|Any CPU
		{8C1DC9E6-233E-4237-9C62-7049E170B187}.Release|Any CPU.Build.0 = Release|Any CPU
	EndGlobalSection
	GlobalSection(SolutionProperties) = preSolution
		HideSolutionNode = FALSE
	EndGlobalSection
	GlobalSection(NestedProjects) = preSolution
		{ECFC27F3-01A9-437E-999B-5633B4689C41} = {9EDE4431-69CE-4989-AC59-937D12E6B9BC}
		{5723C96D-8301-4C61-929C-BB16F45ED136} = {9EDE4431-69CE-4989-AC59-937D12E6B9BC}
		{E00368CE-8819-47ED-A4F5-E723F9FEC175} = {2A60738A-EC04-475D-AD8C-F376148E1E87}
		{EF9FEEE6-6AC0-4853-BC43-D8ADCCFA70B4} = {2A60738A-EC04-475D-AD8C-F376148E1E87}
		{577B02D6-D9BF-4C0F-9C62-579F32D5FB5A} = {2A60738A-EC04-475D-AD8C-F376148E1E87}
		{BEE9BC8D-B6D1-4FF0-83CB-2CC557338E9B} = {2A60738A-EC04-475D-AD8C-F376148E1E87}
		{F5E05A72-F079-4433-80C1-832FB345107D} = {9EDE4431-69CE-4989-AC59-937D12E6B9BC}
		{E66204FB-A8A9-4915-AF4F-84C5B60ADB88} = {2A60738A-EC04-475D-AD8C-F376148E1E87}
		{DFE20AB2-F05A-4761-906F-536E087B90A0} = {2A60738A-EC04-475D-AD8C-F376148E1E87}
		{A7C183C2-038B-47E1-A6BC-0C2CEDB0FCFA} = {2A60738A-EC04-475D-AD8C-F376148E1E87}
		{EA13C442-298D-4F5E-8B29-FFB7C335BE5C} = {2A60738A-EC04-475D-AD8C-F376148E1E87}
		{71DE88CE-1807-49B8-84CC-747B9BE321F8} = {2A60738A-EC04-475D-AD8C-F376148E1E87}
		{6E386BB7-876A-4F86-9D8C-0444A64F23F0} = {9EDE4431-69CE-4989-AC59-937D12E6B9BC}
		{2676D996-C275-4DD1-9D21-08FBDC0539D4} = {2A60738A-EC04-475D-AD8C-F376148E1E87}
		{64284D60-0D8B-4E81-8467-BE7BC186E116} = {9EDE4431-69CE-4989-AC59-937D12E6B9BC}
		{F8FF0514-F017-4EAC-9BF7-49AD40C9BC5B} = {2A60738A-EC04-475D-AD8C-F376148E1E87}
		{01B48253-0732-42AE-9C7A-24A665DC5813} = {9EDE4431-69CE-4989-AC59-937D12E6B9BC}
		{14252B44-B729-485C-97AA-900F0247E20B} = {2A60738A-EC04-475D-AD8C-F376148E1E87}
		{A455C8A9-7493-413D-B34F-306AC49704FF} = {2A60738A-EC04-475D-AD8C-F376148E1E87}
		{8F62CFFB-4F9A-4CC2-A073-47CBDC2F7133} = {2A60738A-EC04-475D-AD8C-F376148E1E87}
		{0CECBA4B-BF71-45E7-8B85-908AF1C20704} = {2A60738A-EC04-475D-AD8C-F376148E1E87}
		{791C5222-650A-4439-A54D-51175D132BF4} = {2A60738A-EC04-475D-AD8C-F376148E1E87}
		{74316718-75E2-406F-92CB-16ACF3D22E5C} = {2A60738A-EC04-475D-AD8C-F376148E1E87}
		{DDB27466-A3E2-4303-974B-B2FACA548908} = {2A60738A-EC04-475D-AD8C-F376148E1E87}
		{AC0083E5-EF25-4460-949F-3DA62E35B727} = {9EDE4431-69CE-4989-AC59-937D12E6B9BC}
		{E992C4B4-DAC0-491F-9291-4A241B7B9EF6} = {2A60738A-EC04-475D-AD8C-F376148E1E87}
		{2A2A87D8-7A8F-4936-B94D-7A0C0D9A52DD} = {2A60738A-EC04-475D-AD8C-F376148E1E87}
		{87C6EFC9-5B98-462A-9938-B27A62F40759} = {9EDE4431-69CE-4989-AC59-937D12E6B9BC}
		{FA522B80-DDBF-4E1D-ADB0-5565EB9108F4} = {9EDE4431-69CE-4989-AC59-937D12E6B9BC}
		{6535DEC5-CB4E-4BE5-88A5-708D4F227E61} = {2A60738A-EC04-475D-AD8C-F376148E1E87}
		{75ACA7E9-B4A1-4630-BDB4-3374EDE9E75A} = {2A60738A-EC04-475D-AD8C-F376148E1E87}
		{C98B61BF-714E-40FC-BB36-D8D77A08AF48} = {2A60738A-EC04-475D-AD8C-F376148E1E87}
		{9663BA60-AB2E-44B0-9D70-4458B35AF86B} = {9EDE4431-69CE-4989-AC59-937D12E6B9BC}
		{756DBA10-9540-454D-8D84-B7C4E006276C} = {9EDE4431-69CE-4989-AC59-937D12E6B9BC}
		{77B3D115-8C36-46D8-B042-4E62F5075137} = {2A60738A-EC04-475D-AD8C-F376148E1E87}
		{13B92D81-44E8-48D8-B6E4-38A812309C7D} = {2A60738A-EC04-475D-AD8C-F376148E1E87}
		{29EB32BD-316D-4F96-B3D0-C39BD0E17CD2} = {9EDE4431-69CE-4989-AC59-937D12E6B9BC}
		{901D9F64-F051-4E93-9E9D-87861D967737} = {2A60738A-EC04-475D-AD8C-F376148E1E87}
		{FCA90F11-BFE3-453D-BBE8-96D4CABDF4EA} = {2A60738A-EC04-475D-AD8C-F376148E1E87}
		{FE3739CC-3FA1-462E-BD4F-4FCF66B61E32} = {9EDE4431-69CE-4989-AC59-937D12E6B9BC}
		{15ED3CF7-9B5F-434E-B730-11B8504C704D} = {2A60738A-EC04-475D-AD8C-F376148E1E87}
		{09F1A4B4-E890-4FEC-87B3-6E50C3CC5481} = {15ED3CF7-9B5F-434E-B730-11B8504C704D}
		{850C3301-F96A-42BB-9E8D-0F01FA06A904} = {15ED3CF7-9B5F-434E-B730-11B8504C704D}
		{8C1DC9E6-233E-4237-9C62-7049E170B187} = {15ED3CF7-9B5F-434E-B730-11B8504C704D}
	EndGlobalSection
	GlobalSection(ExtensibilityGlobals) = postSolution
		SolutionGuid = {1DD9345A-578D-4F49-BE31-095A2818FDAD}
	EndGlobalSection
EndGlobal
